
Microsoft Visual Studio Solution File, Format Version 12.00
# Visual Studio Version 17
VisualStudioVersion = 17.12.35521.163 d17.12
MinimumVisualStudioVersion = 10.0.40219.1
Project("{FAE04EC0-301F-11D3-BF4B-00C04F79EFBC}") = "HackerNewsAPI", "HackerNewsAPI\HackerNewsAPI.csproj", "{89E0CC2E-3983-413D-A0CB-B91960A472BD}"
EndProject
Project("{FAE04EC0-301F-11D3-BF4B-00C04F79EFBC}") = "HackerNewsAPI.Tests", "HackerNewsAPI.Tests\HackerNewsAPI.Tests.csproj", "{EF61E8F2-A0EB-44F5-B014-23CF5F8376CA}"
EndProject
Global
	GlobalSection(SolutionConfigurationPlatforms) = preSolution
		Debug|Any CPU = Debug|Any CPU
		Release|Any CPU = Release|Any CPU
	EndGlobalSection
	GlobalSection(ProjectConfigurationPlatforms) = postSolution
		{89E0CC2E-3983-413D-A0CB-B91960A472BD}.Debug|Any CPU.ActiveCfg = Debug|Any CPU
		{89E0CC2E-3983-413D-A0CB-B91960A472BD}.Debug|Any CPU.Build.0 = Debug|Any CPU
		{89E0CC2E-3983-413D-A0CB-B91960A472BD}.Release|Any CPU.ActiveCfg = Release|Any CPU
		{89E0CC2E-3983-413D-A0CB-B91960A472BD}.Release|Any CPU.Build.0 = Release|Any CPU
		{EF61E8F2-A0EB-44F5-B014-23CF5F8376CA}.Debug|Any CPU.ActiveCfg = Debug|Any CPU
		{EF61E8F2-A0EB-44F5-B014-23CF5F8376CA}.Debug|Any CPU.Build.0 = Debug|Any CPU
		{EF61E8F2-A0EB-44F5-B014-23CF5F8376CA}.Release|Any CPU.ActiveCfg = Release|Any CPU
		{EF61E8F2-A0EB-44F5-B014-23CF5F8376CA}.Release|Any CPU.Build.0 = Release|Any CPU
	EndGlobalSection
	GlobalSection(SolutionProperties) = preSolution
		HideSolutionNode = FALSE
	EndGlobalSection
EndGlobal
